
Microsoft Visual Studio Solution File, Format Version 12.00
# Visual Studio Version 17
VisualStudioVersion = 17.9.34622.214
MinimumVisualStudioVersion = 10.0.40219.1
Project("{9A19103F-16F7-4668-BE54-9A1E7A4F7556}") = "Api Lucho", "Api Lucho.csproj", "{551059DA-B1FD-422F-BAA2-F1AA1EBEBB76}"
EndProject
Global
	GlobalSection(SolutionConfigurationPlatforms) = preSolution
		Debug|Any CPU = Debug|Any CPU
		Release|Any CPU = Release|Any CPU
	EndGlobalSection
	GlobalSection(ProjectConfigurationPlatforms) = postSolution
		{551059DA-B1FD-422F-BAA2-F1AA1EBEBB76}.Debug|Any CPU.ActiveCfg = Debug|Any CPU
		{551059DA-B1FD-422F-BAA2-F1AA1EBEBB76}.Debug|Any CPU.Build.0 = Debug|Any CPU
		{551059DA-B1FD-422F-BAA2-F1AA1EBEBB76}.Release|Any CPU.ActiveCfg = Release|Any CPU
		{551059DA-B1FD-422F-BAA2-F1AA1EBEBB76}.Release|Any CPU.Build.0 = Release|Any CPU
	EndGlobalSection
	GlobalSection(SolutionProperties) = preSolution
		HideSolutionNode = FALSE
	EndGlobalSection
	GlobalSection(ExtensibilityGlobals) = postSolution
		SolutionGuid = {C3D684A8-C382-4705-A8F5-BA3247FD6051}
	EndGlobalSection
EndGlobal
